{
  "object": {
    "pins": [
      {
        "package": "SwiftMessages",
        "repositoryURL": "https://github.com/SwiftKickMobile/SwiftMessages",
        "state": {
          "branch": null,
          "revision": "eeb685398f4cea6f8c54e63bd87a0d81393cc515",
          "version": null
        }
      }
    ]
  },
  "version": 1
}
