{
  "object": {
    "pins": [
      {
        "package": "SwiftMessages",
        "repositoryURL": "https://github.com/SwiftKickMobile/SwiftMessages",
        "state": {
          "branch": null,
          "revision": "74de8becfd5b77bcdfa87da4eedac7f03e7d243a",
          "version": "9.0.0"
        }
      }
    ]
  },
  "version": 1
}
